// !$*UTF8*$!
{
	archiveVersion = 1;
	classes = {
	};
	objectVersion = 46;
	objects = {

/* Begin PBXBuildFile section */
		56A195AF192FF0990077F539 /* Foundation.framework in Frameworks */ = {isa = PBXBuildFile; fileRef = 56A195AE192FF0990077F539 /* Foundation.framework */; };
		56A195B1192FF0990077F539 /* CoreGraphics.framework in Frameworks */ = {isa = PBXBuildFile; fileRef = 56A195B0192FF0990077F539 /* CoreGraphics.framework */; };
		56A195B3192FF0990077F539 /* UIKit.framework in Frameworks */ = {isa = PBXBuildFile; fileRef = 56A195B2192FF0990077F539 /* UIKit.framework */; };
		56A195B9192FF0990077F539 /* InfoPlist.strings in Resources */ = {isa = PBXBuildFile; fileRef = 56A195B7192FF0990077F539 /* InfoPlist.strings */; };
		56A195BB192FF0990077F539 /* main.m in Sources */ = {isa = PBXBuildFile; fileRef = 56A195BA192FF0990077F539 /* main.m */; };
		56A195BF192FF0990077F539 /* GTAppDelegate.m in Sources */ = {isa = PBXBuildFile; fileRef = 56A195BE192FF0990077F539 /* GTAppDelegate.m */; };
		56A195C2192FF0990077F539 /* Main.storyboard in Resources */ = {isa = PBXBuildFile; fileRef = 56A195C0192FF0990077F539 /* Main.storyboard */; };
		56A195C5192FF0990077F539 /* GTViewController.m in Sources */ = {isa = PBXBuildFile; fileRef = 56A195C4192FF0990077F539 /* GTViewController.m */; };
		56A195C7192FF0990077F539 /* Images.xcassets in Resources */ = {isa = PBXBuildFile; fileRef = 56A195C6192FF0990077F539 /* Images.xcassets */; };
		56A195CE192FF0990077F539 /* XCTest.framework in Frameworks */ = {isa = PBXBuildFile; fileRef = 56A195CD192FF0990077F539 /* XCTest.framework */; };
		56A195CF192FF0990077F539 /* Foundation.framework in Frameworks */ = {isa = PBXBuildFile; fileRef = 56A195AE192FF0990077F539 /* Foundation.framework */; };
		56A195D0192FF0990077F539 /* UIKit.framework in Frameworks */ = {isa = PBXBuildFile; fileRef = 56A195B2192FF0990077F539 /* UIKit.framework */; };
		56A195D8192FF0990077F539 /* InfoPlist.strings in Resources */ = {isa = PBXBuildFile; fileRef = 56A195D6192FF0990077F539 /* InfoPlist.strings */; };
		56A195DA192FF0990077F539 /* PicnicTests.m in Sources */ = {isa = PBXBuildFile; fileRef = 56A195D9192FF0990077F539 /* PicnicTests.m */; };
		56A195E4192FF10A0077F539 /* bug.png in Resources */ = {isa = PBXBuildFile; fileRef = 56A195E3192FF10A0077F539 /* bug.png */; };
		56A195E6192FF11F0077F539 /* door_bottom.png in Resources */ = {isa = PBXBuildFile; fileRef = 56A195E5192FF11F0077F539 /* door_bottom.png */; };
		56A195E8192FF12A0077F539 /* door_top.png in Resources */ = {isa = PBXBuildFile; fileRef = 56A195E7192FF12A0077F539 /* door_top.png */; };
		56A195EA192FFB430077F539 /* fabric_top.png in Resources */ = {isa = PBXBuildFile; fileRef = 56A195E9192FFB430077F539 /* fabric_top.png */; };
		56A195EC192FFB520077F539 /* fabric_bottom.png in Resources */ = {isa = PBXBuildFile; fileRef = 56A195EB192FFB520077F539 /* fabric_bottom.png */; };
/* End PBXBuildFile section */

/* Begin PBXContainerItemProxy section */
		56A195D1192FF0990077F539 /* PBXContainerItemProxy */ = {
			isa = PBXContainerItemProxy;
			containerPortal = 56A195A3192FF0990077F539 /* Project object */;
			proxyType = 1;
			remoteGlobalIDString = 56A195AA192FF0990077F539;
			remoteInfo = Picnic;
		};
/* End PBXContainerItemProxy section */

/* Begin PBXFileReference section */
		56A195AB192FF0990077F539 /* Picnic.app */ = {isa = PBXFileReference; explicitFileType = wrapper.application; includeInIndex = 0; path = Picnic.app; sourceTree = BUILT_PRODUCTS_DIR; };
		56A195AE192FF0990077F539 /* Foundation.framework */ = {isa = PBXFileReference; lastKnownFileType = wrapper.framework; name = Foundation.framework; path = System/Library/Frameworks/Foundation.framework; sourceTree = SDKROOT; };
		56A195B0192FF0990077F539 /* CoreGraphics.framework */ = {isa = PBXFileReference; lastKnownFileType = wrapper.framework; name = CoreGraphics.framework; path = System/Library/Frameworks/CoreGraphics.framework; sourceTree = SDKROOT; };
		56A195B2192FF0990077F539 /* UIKit.framework */ = {isa = PBXFileReference; lastKnownFileType = wrapper.framework; name = UIKit.framework; path = System/Library/Frameworks/UIKit.framework; sourceTree = SDKROOT; };
		56A195B6192FF0990077F539 /* Picnic-Info.plist */ = {isa = PBXFileReference; lastKnownFileType = text.plist.xml; path = "Picnic-Info.plist"; sourceTree = "<group>"; };
		56A195B8192FF0990077F539 /* en */ = {isa = PBXFileReference; lastKnownFileType = text.plist.strings; name = en; path = en.lproj/InfoPlist.strings; sourceTree = "<group>"; };
		56A195BA192FF0990077F539 /* main.m */ = {isa = PBXFileReference; lastKnownFileType = sourcecode.c.objc; path = main.m; sourceTree = "<group>"; };
		56A195BC192FF0990077F539 /* Picnic-Prefix.pch */ = {isa = PBXFileReference; lastKnownFileType = sourcecode.c.h; path = "Picnic-Prefix.pch"; sourceTree = "<group>"; };
		56A195BD192FF0990077F539 /* GTAppDelegate.h */ = {isa = PBXFileReference; lastKnownFileType = sourcecode.c.h; path = GTAppDelegate.h; sourceTree = "<group>"; };
		56A195BE192FF0990077F539 /* GTAppDelegate.m */ = {isa = PBXFileReference; lastKnownFileType = sourcecode.c.objc; path = GTAppDelegate.m; sourceTree = "<group>"; };
		56A195C1192FF0990077F539 /* Base */ = {isa = PBXFileReference; lastKnownFileType = file.storyboard; name = Base; path = Base.lproj/Main.storyboard; sourceTree = "<group>"; };
		56A195C3192FF0990077F539 /* GTViewController.h */ = {isa = PBXFileReference; lastKnownFileType = sourcecode.c.h; path = GTViewController.h; sourceTree = "<group>"; };
		56A195C4192FF0990077F539 /* GTViewController.m */ = {isa = PBXFileReference; lastKnownFileType = sourcecode.c.objc; path = GTViewController.m; sourceTree = "<group>"; };
		56A195C6192FF0990077F539 /* Images.xcassets */ = {isa = PBXFileReference; lastKnownFileType = folder.assetcatalog; path = Images.xcassets; sourceTree = "<group>"; };
		56A195CC192FF0990077F539 /* PicnicTests.xctest */ = {isa = PBXFileReference; explicitFileType = wrapper.cfbundle; includeInIndex = 0; path = PicnicTests.xctest; sourceTree = BUILT_PRODUCTS_DIR; };
		56A195CD192FF0990077F539 /* XCTest.framework */ = {isa = PBXFileReference; lastKnownFileType = wrapper.framework; name = XCTest.framework; path = Library/Frameworks/XCTest.framework; sourceTree = DEVELOPER_DIR; };
		56A195D5192FF0990077F539 /* PicnicTests-Info.plist */ = {isa = PBXFileReference; lastKnownFileType = text.plist.xml; path = "PicnicTests-Info.plist"; sourceTree = "<group>"; };
		56A195D7192FF0990077F539 /* en */ = {isa = PBXFileReference; lastKnownFileType = text.plist.strings; name = en; path = en.lproj/InfoPlist.strings; sourceTree = "<group>"; };
		56A195D9192FF0990077F539 /* PicnicTests.m */ = {isa = PBXFileReference; lastKnownFileType = sourcecode.c.objc; path = PicnicTests.m; sourceTree = "<group>"; };
		56A195E3192FF10A0077F539 /* bug.png */ = {isa = PBXFileReference; lastKnownFileType = image.png; path = bug.png; sourceTree = "<group>"; };
		56A195E5192FF11F0077F539 /* door_bottom.png */ = {isa = PBXFileReference; lastKnownFileType = image.png; path = door_bottom.png; sourceTree = "<group>"; };
		56A195E7192FF12A0077F539 /* door_top.png */ = {isa = PBXFileReference; lastKnownFileType = image.png; path = door_top.png; sourceTree = "<group>"; };
		56A195E9192FFB430077F539 /* fabric_top.png */ = {isa = PBXFileReference; lastKnownFileType = image.png; path = fabric_top.png; sourceTree = "<group>"; };
		56A195EB192FFB520077F539 /* fabric_bottom.png */ = {isa = PBXFileReference; lastKnownFileType = image.png; path = fabric_bottom.png; sourceTree = "<group>"; };
/* End PBXFileReference section */

/* Begin PBXFrameworksBuildPhase section */
		56A195A8192FF0990077F539 /* Frameworks */ = {
			isa = PBXFrameworksBuildPhase;
			buildActionMask = 2147483647;
			files = (
				56A195B1192FF0990077F539 /* CoreGraphics.framework in Frameworks */,
				56A195B3192FF0990077F539 /* UIKit.framework in Frameworks */,
				56A195AF192FF0990077F539 /* Foundation.framework in Frameworks */,
			);
			runOnlyForDeploymentPostprocessing = 0;
		};
		56A195C9192FF0990077F539 /* Frameworks */ = {
			isa = PBXFrameworksBuildPhase;
			buildActionMask = 2147483647;
			files = (
				56A195CE192FF0990077F539 /* XCTest.framework in Frameworks */,
				56A195D0192FF0990077F539 /* UIKit.framework in Frameworks */,
				56A195CF192FF0990077F539 /* Foundation.framework in Frameworks */,
			);
			runOnlyForDeploymentPostprocessing = 0;
		};
/* End PBXFrameworksBuildPhase section */

/* Begin PBXGroup section */
		56A195A2192FF0990077F539 = {
			isa = PBXGroup;
			children = (
				56A195B4192FF0990077F539 /* Picnic */,
				56A195D3192FF0990077F539 /* PicnicTests */,
				56A195AD192FF0990077F539 /* Frameworks */,
				56A195AC192FF0990077F539 /* Products */,
			);
			sourceTree = "<group>";
		};
		56A195AC192FF0990077F539 /* Products */ = {
			isa = PBXGroup;
			children = (
				56A195AB192FF0990077F539 /* Picnic.app */,
				56A195CC192FF0990077F539 /* PicnicTests.xctest */,
			);
			name = Products;
			sourceTree = "<group>";
		};
		56A195AD192FF0990077F539 /* Frameworks */ = {
			isa = PBXGroup;
			children = (
				56A195AE192FF0990077F539 /* Foundation.framework */,
				56A195B0192FF0990077F539 /* CoreGraphics.framework */,
				56A195B2192FF0990077F539 /* UIKit.framework */,
				56A195CD192FF0990077F539 /* XCTest.framework */,
			);
			name = Frameworks;
			sourceTree = "<group>";
		};
		56A195B4192FF0990077F539 /* Picnic */ = {
			isa = PBXGroup;
			children = (
				56A195BD192FF0990077F539 /* GTAppDelegate.h */,
				56A195BE192FF0990077F539 /* GTAppDelegate.m */,
				56A195C0192FF0990077F539 /* Main.storyboard */,
				56A195C3192FF0990077F539 /* GTViewController.h */,
				56A195E5192FF11F0077F539 /* door_bottom.png */,
				56A195E9192FFB430077F539 /* fabric_top.png */,
				56A195EB192FFB520077F539 /* fabric_bottom.png */,
				56A195E7192FF12A0077F539 /* door_top.png */,
				56A195E3192FF10A0077F539 /* bug.png */,
				56A195C4192FF0990077F539 /* GTViewController.m */,
				56A195C6192FF0990077F539 /* Images.xcassets */,
				56A195B5192FF0990077F539 /* Supporting Files */,
			);
			path = Picnic;
			sourceTree = "<group>";
		};
		56A195B5192FF0990077F539 /* Supporting Files */ = {
			isa = PBXGroup;
			children = (
				56A195B6192FF0990077F539 /* Picnic-Info.plist */,
				56A195B7192FF0990077F539 /* InfoPlist.strings */,
				56A195BA192FF0990077F539 /* main.m */,
				56A195BC192FF0990077F539 /* Picnic-Prefix.pch */,
			);
			name = "Supporting Files";
			sourceTree = "<group>";
		};
		56A195D3192FF0990077F539 /* PicnicTests */ = {
			isa = PBXGroup;
			children = (
				56A195D9192FF0990077F539 /* PicnicTests.m */,
				56A195D4192FF0990077F539 /* Supporting Files */,
			);
			path = PicnicTests;
			sourceTree = "<group>";
		};
		56A195D4192FF0990077F539 /* Supporting Files */ = {
			isa = PBXGroup;
			children = (
				56A195D5192FF0990077F539 /* PicnicTests-Info.plist */,
				56A195D6192FF0990077F539 /* InfoPlist.strings */,
			);
			name = "Supporting Files";
			sourceTree = "<group>";
		};
/* End PBXGroup section */

/* Begin PBXNativeTarget section */
		56A195AA192FF0990077F539 /* Picnic */ = {
			isa = PBXNativeTarget;
			buildConfigurationList = 56A195DD192FF0990077F539 /* Build configuration list for PBXNativeTarget "Picnic" */;
			buildPhases = (
				56A195A7192FF0990077F539 /* Sources */,
				56A195A8192FF0990077F539 /* Frameworks */,
				56A195A9192FF0990077F539 /* Resources */,
			);
			buildRules = (
			);
			dependencies = (
			);
			name = Picnic;
			productName = Picnic;
			productReference = 56A195AB192FF0990077F539 /* Picnic.app */;
			productType = "com.apple.product-type.application";
		};
		56A195CB192FF0990077F539 /* PicnicTests */ = {
			isa = PBXNativeTarget;
			buildConfigurationList = 56A195E0192FF0990077F539 /* Build configuration list for PBXNativeTarget "PicnicTests" */;
			buildPhases = (
				56A195C8192FF0990077F539 /* Sources */,
				56A195C9192FF0990077F539 /* Frameworks */,
				56A195CA192FF0990077F539 /* Resources */,
			);
			buildRules = (
			);
			dependencies = (
				56A195D2192FF0990077F539 /* PBXTargetDependency */,
			);
			name = PicnicTests;
			productName = PicnicTests;
			productReference = 56A195CC192FF0990077F539 /* PicnicTests.xctest */;
			productType = "com.apple.product-type.bundle.unit-test";
		};
/* End PBXNativeTarget section */

/* Begin PBXProject section */
		56A195A3192FF0990077F539 /* Project object */ = {
			isa = PBXProject;
			attributes = {
				CLASSPREFIX = GT;
				LastUpgradeCheck = 0510;
				ORGANIZATIONNAME = "Gramercy Consultants";
				TargetAttributes = {
					56A195CB192FF0990077F539 = {
						TestTargetID = 56A195AA192FF0990077F539;
					};
				};
			};
			buildConfigurationList = 56A195A6192FF0990077F539 /* Build configuration list for PBXProject "Picnic" */;
			compatibilityVersion = "Xcode 3.2";
			developmentRegion = English;
			hasScannedForEncodings = 0;
			knownRegions = (
				en,
				Base,
			);
			mainGroup = 56A195A2192FF0990077F539;
			productRefGroup = 56A195AC192FF0990077F539 /* Products */;
			projectDirPath = "";
			projectRoot = "";
			targets = (
				56A195AA192FF0990077F539 /* Picnic */,
				56A195CB192FF0990077F539 /* PicnicTests */,
			);
		};
/* End PBXProject section */

/* Begin PBXResourcesBuildPhase section */
		56A195A9192FF0990077F539 /* Resources */ = {
			isa = PBXResourcesBuildPhase;
			buildActionMask = 2147483647;
			files = (
				56A195E4192FF10A0077F539 /* bug.png in Resources */,
				56A195EA192FFB430077F539 /* fabric_top.png in Resources */,
				56A195E6192FF11F0077F539 /* door_bottom.png in Resources */,
				56A195C7192FF0990077F539 /* Images.xcassets in Resources */,
				56A195E8192FF12A0077F539 /* door_top.png in Resources */,
				56A195B9192FF0990077F539 /* InfoPlist.strings in Resources */,
				56A195C2192FF0990077F539 /* Main.storyboard in Resources */,
				56A195EC192FFB520077F539 /* fabric_bottom.png in Resources */,
			);
			runOnlyForDeploymentPostprocessing = 0;
		};
		56A195CA192FF0990077F539 /* Resources */ = {
			isa = PBXResourcesBuildPhase;
			buildActionMask = 2147483647;
			files = (
				56A195D8192FF0990077F539 /* InfoPlist.strings in Resources */,
			);
			runOnlyForDeploymentPostprocessing = 0;
		};
/* End PBXResourcesBuildPhase section */

/* Begin PBXSourcesBuildPhase section */
		56A195A7192FF0990077F539 /* Sources */ = {
			isa = PBXSourcesBuildPhase;
			buildActionMask = 2147483647;
			files = (
				56A195BB192FF0990077F539 /* main.m in Sources */,
				56A195C5192FF0990077F539 /* GTViewController.m in Sources */,
				56A195BF192FF0990077F539 /* GTAppDelegate.m in Sources */,
			);
			runOnlyForDeploymentPostprocessing = 0;
		};
		56A195C8192FF0990077F539 /* Sources */ = {
			isa = PBXSourcesBuildPhase;
			buildActionMask = 2147483647;
			files = (
				56A195DA192FF0990077F539 /* PicnicTests.m in Sources */,
			);
			runOnlyForDeploymentPostprocessing = 0;
		};
/* End PBXSourcesBuildPhase section */

/* Begin PBXTargetDependency section */
		56A195D2192FF0990077F539 /* PBXTargetDependency */ = {
			isa = PBXTargetDependency;
			target = 56A195AA192FF0990077F539 /* Picnic */;
			targetProxy = 56A195D1192FF0990077F539 /* PBXContainerItemProxy */;
		};
/* End PBXTargetDependency section */

/* Begin PBXVariantGroup section */
		56A195B7192FF0990077F539 /* InfoPlist.strings */ = {
			isa = PBXVariantGroup;
			children = (
				56A195B8192FF0990077F539 /* en */,
			);
			name = InfoPlist.strings;
			sourceTree = "<group>";
		};
		56A195C0192FF0990077F539 /* Main.storyboard */ = {
			isa = PBXVariantGroup;
			children = (
				56A195C1192FF0990077F539 /* Base */,
			);
			name = Main.storyboard;
			sourceTree = "<group>";
		};
		56A195D6192FF0990077F539 /* InfoPlist.strings */ = {
			isa = PBXVariantGroup;
			children = (
				56A195D7192FF0990077F539 /* en */,
			);
			name = InfoPlist.strings;
			sourceTree = "<group>";
		};
/* End PBXVariantGroup section */

/* Begin XCBuildConfiguration section */
		56A195DB192FF0990077F539 /* Debug */ = {
			isa = XCBuildConfiguration;
			buildSettings = {
				ALWAYS_SEARCH_USER_PATHS = NO;
				CLANG_CXX_LANGUAGE_STANDARD = "gnu++0x";
				CLANG_CXX_LIBRARY = "libc++";
				CLANG_ENABLE_MODULES = YES;
				CLANG_ENABLE_OBJC_ARC = YES;
				CLANG_WARN_BOOL_CONVERSION = YES;
				CLANG_WARN_CONSTANT_CONVERSION = YES;
				CLANG_WARN_DIRECT_OBJC_ISA_USAGE = YES_ERROR;
				CLANG_WARN_EMPTY_BODY = YES;
				CLANG_WARN_ENUM_CONVERSION = YES;
				CLANG_WARN_INT_CONVERSION = YES;
				CLANG_WARN_OBJC_ROOT_CLASS = YES_ERROR;
				CLANG_WARN__DUPLICATE_METHOD_MATCH = YES;
				"CODE_SIGN_IDENTITY[sdk=iphoneos*]" = "iPhone Developer";
				COPY_PHASE_STRIP = NO;
				GCC_C_LANGUAGE_STANDARD = gnu99;
				GCC_DYNAMIC_NO_PIC = NO;
				GCC_OPTIMIZATION_LEVEL = 0;
				GCC_PREPROCESSOR_DEFINITIONS = (
					"DEBUG=1",
					"$(inherited)",
				);
				GCC_SYMBOLS_PRIVATE_EXTERN = NO;
				GCC_WARN_64_TO_32_BIT_CONVERSION = YES;
				GCC_WARN_ABOUT_RETURN_TYPE = YES_ERROR;
				GCC_WARN_UNDECLARED_SELECTOR = YES;
				GCC_WARN_UNINITIALIZED_AUTOS = YES_AGGRESSIVE;
				GCC_WARN_UNUSED_FUNCTION = YES;
				GCC_WARN_UNUSED_VARIABLE = YES;
				IPHONEOS_DEPLOYMENT_TARGET = 7.1;
				ONLY_ACTIVE_ARCH = YES;
				SDKROOT = iphoneos;
			};
			name = Debug;
		};
		56A195DC192FF0990077F539 /* Release */ = {
			isa = XCBuildConfiguration;
			buildSettings = {
				ALWAYS_SEARCH_USER_PATHS = NO;
				CLANG_CXX_LANGUAGE_STANDARD = "gnu++0x";
				CLANG_CXX_LIBRARY = "libc++";
				CLANG_ENABLE_MODULES = YES;
				CLANG_ENABLE_OBJC_ARC = YES;
				CLANG_WARN_BOOL_CONVERSION = YES;
				CLANG_WARN_CONSTANT_CONVERSION = YES;
				CLANG_WARN_DIRECT_OBJC_ISA_USAGE = YES_ERROR;
				CLANG_WARN_EMPTY_BODY = YES;
				CLANG_WARN_ENUM_CONVERSION = YES;
				CLANG_WARN_INT_CONVERSION = YES;
				CLANG_WARN_OBJC_ROOT_CLASS = YES_ERROR;
				CLANG_WARN__DUPLICATE_METHOD_MATCH = YES;
				"CODE_SIGN_IDENTITY[sdk=iphoneos*]" = "iPhone Developer";
				COPY_PHASE_STRIP = YES;
				ENABLE_NS_ASSERTIONS = NO;
				GCC_C_LANGUAGE_STANDARD = gnu99;
				GCC_WARN_64_TO_32_BIT_CONVERSION = YES;
				GCC_WARN_ABOUT_RETURN_TYPE = YES_ERROR;
				GCC_WARN_UNDECLARED_SELECTOR = YES;
				GCC_WARN_UNINITIALIZED_AUTOS = YES_AGGRESSIVE;
				GCC_WARN_UNUSED_FUNCTION = YES;
				GCC_WARN_UNUSED_VARIABLE = YES;
				IPHONEOS_DEPLOYMENT_TARGET = 7.1;
				SDKROOT = iphoneos;
				VALIDATE_PRODUCT = YES;
			};
			name = Release;
		};
		56A195DE192FF0990077F539 /* Debug */ = {
			isa = XCBuildConfiguration;
			buildSettings = {
				ASSETCATALOG_COMPILER_APPICON_NAME = AppIcon;
				ASSETCATALOG_COMPILER_LAUNCHIMAGE_NAME = LaunchImage;
				GCC_PRECOMPILE_PREFIX_HEADER = YES;
				GCC_PREFIX_HEADER = "Picnic/Picnic-Prefix.pch";
				INFOPLIST_FILE = "Picnic/Picnic-Info.plist";
				PRODUCT_NAME = "$(TARGET_NAME)";
				WRAPPER_EXTENSION = app;
			};
			name = Debug;
		};
		56A195DF192FF0990077F539 /* Release */ = {
			isa = XCBuildConfiguration;
			buildSettings = {
				ASSETCATALOG_COMPILER_APPICON_NAME = AppIcon;
				ASSETCATALOG_COMPILER_LAUNCHIMAGE_NAME = LaunchImage;
				GCC_PRECOMPILE_PREFIX_HEADER = YES;
				GCC_PREFIX_HEADER = "Picnic/Picnic-Prefix.pch";
				INFOPLIST_FILE = "Picnic/Picnic-Info.plist";
				PRODUCT_NAME = "$(TARGET_NAME)";
				WRAPPER_EXTENSION = app;
			};
			name = Release;
		};
		56A195E1192FF0990077F539 /* Debug */ = {
			isa = XCBuildConfiguration;
			buildSettings = {
				BUNDLE_LOADER = "$(BUILT_PRODUCTS_DIR)/Picnic.app/Picnic";
				FRAMEWORK_SEARCH_PATHS = (
					"$(SDKROOT)/Developer/Library/Frameworks",
					"$(inherited)",
					"$(DEVELOPER_FRAMEWORKS_DIR)",
				);
				GCC_PRECOMPILE_PREFIX_HEADER = YES;
				GCC_PREFIX_HEADER = "Picnic/Picnic-Prefix.pch";
				GCC_PREPROCESSOR_DEFINITIONS = (
					"DEBUG=1",
					"$(inherited)",
				);
				INFOPLIST_FILE = "PicnicTests/PicnicTests-Info.plist";
				PRODUCT_NAME = "$(TARGET_NAME)";
				TEST_HOST = "$(BUNDLE_LOADER)";
				WRAPPER_EXTENSION = xctest;
			};
			name = Debug;
		};
		56A195E2192FF0990077F539 /* Release */ = {
			isa = XCBuildConfiguration;
			buildSettings = {
				BUNDLE_LOADER = "$(BUILT_PRODUCTS_DIR)/Picnic.app/Picnic";
				FRAMEWORK_SEARCH_PATHS = (
					"$(SDKROOT)/Developer/Library/Frameworks",
					"$(inherited)",
					"$(DEVELOPER_FRAMEWORKS_DIR)",
				);
				GCC_PRECOMPILE_PREFIX_HEADER = YES;
				GCC_PREFIX_HEADER = "Picnic/Picnic-Prefix.pch";
				INFOPLIST_FILE = "PicnicTests/PicnicTests-Info.plist";
				PRODUCT_NAME = "$(TARGET_NAME)";
				TEST_HOST = "$(BUNDLE_LOADER)";
				WRAPPER_EXTENSION = xctest;
			};
			name = Release;
		};
/* End XCBuildConfiguration section */

/* Begin XCConfigurationList section */
		56A195A6192FF0990077F539 /* Build configuration list for PBXProject "Picnic" */ = {
			isa = XCConfigurationList;
			buildConfigurations = (
				56A195DB192FF0990077F539 /* Debug */,
				56A195DC192FF0990077F539 /* Release */,
			);
			defaultConfigurationIsVisible = 0;
			defaultConfigurationName = Release;
		};
		56A195DD192FF0990077F539 /* Build configuration list for PBXNativeTarget "Picnic" */ = {
			isa = XCConfigurationList;
			buildConfigurations = (
				56A195DE192FF0990077F539 /* Debug */,
				56A195DF192FF0990077F539 /* Release */,
			);
			defaultConfigurationIsVisible = 0;
		};
		56A195E0192FF0990077F539 /* Build configuration list for PBXNativeTarget "PicnicTests" */ = {
			isa = XCConfigurationList;
			buildConfigurations = (
				56A195E1192FF0990077F539 /* Debug */,
				56A195E2192FF0990077F539 /* Release */,
			);
			defaultConfigurationIsVisible = 0;
		};
/* End XCConfigurationList section */
	};
	rootObject = 56A195A3192FF0990077F539 /* Project object */;
}
